{
    "hash": "8801ecbc276d62f3048990c6c0e4c126",
    "packages": [
        {
            "name": "dflydev/markdown",
            "version": "dev-master",
            "source": {
                "type": "git",
                "url": "https://github.com/dflydev/dflydev-markdown.git",
                "reference": "11f8faa2d17f717a038b4d372abd22a6ac4a15dc"
            },
            "dist": {
                "type": "zip",
                "url": "https://api.github.com/repos/dflydev/dflydev-markdown/zipball/11f8faa2d17f717a038b4d372abd22a6ac4a15dc",
                "reference": "11f8faa2d17f717a038b4d372abd22a6ac4a15dc",
                "shasum": ""
            },
            "require": {
                "php": ">=5.3"
            },
            "type": "library",
            "extra": {
                "branch-alias": {
                    "dev-master": "1.0-dev"
                }
            },
            "autoload": {
                "psr-0": {
                    "dflydev\\markdown": "src"
                }
            },
            "notification-url": "http://packagist.org/downloads/",
            "license": [
                "BSD-3-Clause"
            ],
            "authors": [
                {
                    "name": "Dragonfly Development Inc.",
                    "email": "info@dflydev.com",
                    "homepage": "http://dflydev.com"
                },
                {
                    "name": "Beau Simensen",
                    "email": "beau@dflydev.com",
                    "homepage": "http://beausimensen.com"
                },
                {
                    "name": "Michel Fortin",
                    "homepage": "http://michelf.com"
                },
                {
                    "name": "John Gruber",
                    "homepage": "http://daringfireball.net"
                }
            ],
            "description": "PHP Markdown & Extra",
            "homepage": "http://github.com/dflydev/dflydev-markdown",
            "keywords": [
                "markdown"
            ],
            "time": "2012-07-15 16:31:27"
        },
        {
            "name": "doctrine/common",
            "version": "2.3.x-dev",
            "source": {
                "type": "git",
                "url": "https://github.com/doctrine/common.git",
                "reference": "bb0aebbf234db52df476a2b473d434745b34221c"
            },
            "dist": {
                "type": "zip",
                "url": "https://api.github.com/repos/doctrine/common/zipball/bb0aebbf234db52df476a2b473d434745b34221c",
                "reference": "bb0aebbf234db52df476a2b473d434745b34221c",
                "shasum": ""
            },
            "require": {
                "php": ">=5.3.2"
            },
            "type": "library",
            "extra": {
                "branch-alias": {
                    "dev-master": "2.3.x-dev"
                }
            },
            "autoload": {
                "psr-0": {
                    "Doctrine\\Common": "lib/"
                }
            },
            "notification-url": "http://packagist.org/downloads/",
            "license": [
                "MIT"
            ],
            "authors": [
                {
                    "name": "Jonathan Wage",
                    "email": "jonwage@gmail.com",
                    "homepage": "http://www.jwage.com/"
                },
                {
                    "name": "Guilherme Blanco",
                    "email": "guilhermeblanco@gmail.com",
                    "homepage": "http://www.instaclick.com"
                },
                {
                    "name": "Roman Borschel",
                    "email": "roman@code-factory.org"
                },
                {
                    "name": "Benjamin Eberlei",
                    "email": "kontakt@beberlei.de"
                },
                {
                    "name": "Johannes Schmitt",
                    "email": "schmittjoh@gmail.com",
                    "homepage": "https://github.com/schmittjoh",
                    "role": "Developer of wrapped JMSSerializerBundle"
                }
            ],
            "description": "Common Library for Doctrine projects",
            "homepage": "http://www.doctrine-project.org",
            "keywords": [
                "annotations",
                "collections",
                "eventmanager",
                "persistence",
                "spl"
            ],
            "time": "2012-09-20 05:55:18"
        },
        {
            "name": "doctrine/dbal",
            "version": "2.3.x-dev",
            "source": {
                "type": "git",
                "url": "https://github.com/doctrine/dbal.git",
                "reference": "fd45c6f6baa618d871f3201fabe76df5043abb1e"
            },
            "dist": {
                "type": "zip",
                "url": "https://api.github.com/repos/doctrine/dbal/zipball/fd45c6f6baa618d871f3201fabe76df5043abb1e",
                "reference": "fd45c6f6baa618d871f3201fabe76df5043abb1e",
                "shasum": ""
            },
            "require": {
                "doctrine/common": "2.3.*",
                "php": ">=5.3.2"
            },
            "type": "library",
            "extra": {
                "branch-alias": {
                    "dev-master": "2.3.x-dev"
                }
            },
            "autoload": {
                "psr-0": {
                    "Doctrine\\DBAL": "lib/"
                }
            },
            "notification-url": "http://packagist.org/downloads/",
            "license": [
                "MIT"
            ],
            "authors": [
                {
                    "name": "Jonathan Wage",
                    "email": "jonwage@gmail.com",
                    "homepage": "http://www.jwage.com/"
                },
                {
                    "name": "Christoph Dorn",
                    "email": "guilhermeblanco@gmail.com",
                    "homepage": "http://www.instaclick.com"
                },
                {
                    "name": "Roman Borschel",
                    "email": "roman@code-factory.org"
                },
                {
                    "name": "Benjamin Eberlei",
                    "email": "kontakt@beberlei.de"
                }
            ],
            "description": "Database Abstraction Layer",
            "homepage": "http://www.doctrine-project.org",
            "keywords": [
                "database",
                "dbal",
                "persistence",
                "queryobject"
            ],
            "time": "2013-01-20 11:50:36"
        },
        {
            "name": "guzzle/guzzle",
            "version": "v3.1.2",
            "source": {
                "type": "git",
                "url": "https://github.com/guzzle/guzzle",
                "reference": "v3.1.2"
            },
            "dist": {
                "type": "zip",
                "url": "https://github.com/guzzle/guzzle/archive/v3.1.2.zip",
                "reference": "v3.1.2",
                "shasum": ""
            },
            "require": {
                "ext-curl": "*",
                "php": ">=5.3.2",
                "symfony/event-dispatcher": ">=2.1"
            },
            "replace": {
                "guzzle/batch": "self.version",
                "guzzle/cache": "self.version",
                "guzzle/common": "self.version",
                "guzzle/http": "self.version",
                "guzzle/inflection": "self.version",
                "guzzle/iterator": "self.version",
                "guzzle/log": "self.version",
                "guzzle/parser": "self.version",
                "guzzle/plugin": "self.version",
                "guzzle/plugin-async": "self.version",
                "guzzle/plugin-backoff": "self.version",
                "guzzle/plugin-cache": "self.version",
                "guzzle/plugin-cookie": "self.version",
                "guzzle/plugin-curlauth": "self.version",
                "guzzle/plugin-history": "self.version",
                "guzzle/plugin-log": "self.version",
                "guzzle/plugin-md5": "self.version",
                "guzzle/plugin-mock": "self.version",
                "guzzle/plugin-oauth": "self.version",
                "guzzle/service": "self.version",
                "guzzle/stream": "self.version"
            },
            "require-dev": {
                "doctrine/common": "*",
                "monolog/monolog": "1.*",
                "phpunit/phpunit": "3.7.*",
                "symfony/class-loader": "*",
                "zend/zend-cache1": "1.12",
                "zend/zend-log1": "1.12",
                "zendframework/zend-cache": "2.0.*",
                "zendframework/zend-log": "2.0.*"
            },
            "type": "library",
            "extra": {
                "branch-alias": {
                    "dev-master": "3.1-dev"
                }
            },
            "autoload": {
                "psr-0": {
                    "Guzzle\\Tests": "tests/",
                    "Guzzle": "src/"
                }
            },
            "notification-url": "https://packagist.org/downloads/",
            "license": [
                "MIT"
            ],
            "authors": [
                {
                    "name": "Michael Dowling",
                    "email": "mtdowling@gmail.com",
                    "homepage": "https://github.com/mtdowling"
                },
                {
                    "name": "Guzzle Community",
                    "homepage": "https://github.com/guzzle/guzzle/contributors"
                }
            ],
            "description": "Guzzle is a PHP HTTP client library and framework for building RESTful web service clients",
            "homepage": "http://guzzlephp.org/",
            "keywords": [
                "client",
                "curl",
                "framework",
                "http",
                "http client",
                "rest",
                "web service"
            ],
            "time": "2013-01-28 00:07:40"
        },
        {
            "name": "hautelook/phpass",
            "version": "dev-master",
            "source": {
                "type": "git",
                "url": "https://github.com/hautelook/phpass.git",
                "reference": "da4c2c693aa4e1c616a350015c90af0da82a0fd8"
            },
            "dist": {
                "type": "zip",
                "url": "https://api.github.com/repos/hautelook/phpass/zipball/da4c2c693aa4e1c616a350015c90af0da82a0fd8",
                "reference": "da4c2c693aa4e1c616a350015c90af0da82a0fd8",
                "shasum": ""
            },
            "require": {
                "php": ">=5.3.3"
            },
            "type": "library",
            "autoload": {
                "psr-0": {
                    "Hautelook": "src/"
                }
            },
            "notification-url": "http://packagist.org/downloads/",
            "license": [
                "Public Domain"
            ],
            "authors": [
                {
                    "name": "Solar Designer",
                    "email": "solar@openwall.com",
                    "homepage": "http://openwall.com/phpass/"
                }
            ],
            "description": "Portable PHP password hashing framework",
            "homepage": "http://github.com/hautelook/phpass/",
            "keywords": [
                "blowfish",
                "crypt",
                "password",
                "security"
            ],
            "time": "2012-08-31 19:32:39"
        },
        {
            "name": "htmlawed/htmlawed",
            "version": "dev-master",
            "source": {
                "type": "git",
                "url": "https://github.com/kesar/HTMLawed.git",
                "reference": "7b8896d1c46bc684b0ab6a1d7a46227ee1c8d800"
            },
            "dist": {
                "type": "zip",
                "url": "https://api.github.com/repos/kesar/HTMLawed/zipball/7b8896d1c46bc684b0ab6a1d7a46227ee1c8d800",
                "reference": "7b8896d1c46bc684b0ab6a1d7a46227ee1c8d800",
                "shasum": ""
            },
            "require": {
                "php": ">4.4.0"
            },
            "type": "library",
            "notification-url": "http://packagist.org/downloads/",
            "license": [
                "GPL-2.0+",
                "LGPL-3.0"
            ],
            "description": "htmLawed - Process text with HTML markup to make it more compliant with HTML  standards and administrative policies",
            "homepage": "http://www.bioinformatics.org/phplabware/internal_utilities/htmLawed/",
            "keywords": [
                "HTMLtidy",
                "html",
                "sanitize",
                "strip",
                "tags"
            ],
            "time": "2013-02-07 13:54:54"
        },
        {
            "name": "pimple/pimple",
            "version": "dev-master",
            "source": {
                "type": "git",
                "url": "git://github.com/fabpot/Pimple.git",
                "reference": "5a8936d9d31eb613f1a33753e5f22bffebe0bbc3"
            },
            "dist": {
                "type": "zip",
                "url": "https://api.github.com/repos/fabpot/Pimple/zipball/5a8936d9d31eb613f1a33753e5f22bffebe0bbc3",
                "reference": "5a8936d9d31eb613f1a33753e5f22bffebe0bbc3",
                "shasum": ""
            },
            "require": {
                "php": ">=5.3.0"
            },
            "type": "library",
            "extra": {
                "branch-alias": {
                    "dev-master": "1.0.x-dev"
                }
            },
            "autoload": {
                "psr-0": {
                    "Pimple": "lib/"
                }
            },
            "notification-url": "https://packagist.org/downloads/",
            "license": [
                "MIT"
            ],
            "authors": [
                {
                    "name": "Fabien Potencier",
                    "email": "fabien@symfony.com"
                }
            ],
            "description": "Pimple is a simple Dependency Injection Container for PHP 5.3",
            "homepage": "http://pimple.sensiolabs.org",
            "keywords": [
                "container",
                "dependency injection"
            ],
            "time": "2013-02-09 15:33:26"
        },
        {
            "name": "psr/log",
            "version": "1.0.0",
            "source": {
                "type": "git",
                "url": "https://github.com/php-fig/log",
                "reference": "1.0.0"
            },
            "dist": {
                "type": "zip",
                "url": "https://github.com/php-fig/log/archive/1.0.0.zip",
                "reference": "1.0.0",
                "shasum": ""
            },
            "type": "library",
            "autoload": {
                "psr-0": {
                    "Psr\\Log\\": ""
                }
            },
            "notification-url": "https://packagist.org/downloads/",
            "license": [
                "MIT"
            ],
            "authors": [
                {
                    "name": "PHP-FIG",
                    "homepage": "http://www.php-fig.org/"
                }
            ],
            "description": "Common interface for logging libraries",
            "keywords": [
                "log",
                "psr",
                "psr-3"
            ],
            "time": "2012-12-21 11:40:51"
        },
        {
            "name": "silex/silex",
            "version": "dev-master",
            "source": {
                "type": "git",
                "url": "https://github.com/fabpot/Silex.git",
                "reference": "9705ba7d5dd709262c451854f4e18f8c58171dfa"
            },
            "dist": {
                "type": "zip",
                "url": "https://api.github.com/repos/fabpot/Silex/zipball/9705ba7d5dd709262c451854f4e18f8c58171dfa",
                "reference": "9705ba7d5dd709262c451854f4e18f8c58171dfa",
                "shasum": ""
            },
            "require": {
                "php": ">=5.3.3",
                "pimple/pimple": "1.*",
                "symfony/event-dispatcher": ">=2.1,<2.3-dev",
                "symfony/http-foundation": ">=2.1,<2.3-dev",
                "symfony/http-kernel": ">=2.1,<2.3-dev",
                "symfony/routing": ">=2.1,<2.3-dev"
            },
            "require-dev": {
                "doctrine/dbal": ">=2.2.0,<2.4.0-dev",
                "swiftmailer/swiftmailer": "4.2.*",
                "symfony/browser-kit": ">=2.1,<2.3-dev",
                "symfony/config": ">=2.1,<2.3-dev",
                "symfony/css-selector": ">=2.1,<2.3-dev",
                "symfony/dom-crawler": ">=2.1,<2.3-dev",
                "symfony/finder": ">=2.1,<2.3-dev",
                "symfony/form": ">=2.1,<2.3-dev",
                "symfony/locale": ">=2.1,<2.3-dev",
                "symfony/monolog-bridge": ">=2.1,<2.3-dev",
                "symfony/options-resolver": ">=2.1,<2.3-dev",
                "symfony/process": ">=2.1,<2.3-dev",
                "symfony/security": ">=2.1,<2.3-dev",
                "symfony/serializer": ">=2.1,<2.3-dev",
                "symfony/translation": ">=2.1,<2.3-dev",
                "symfony/twig-bridge": ">=2.1,<2.3-dev",
                "symfony/validator": ">=2.1,<2.3-dev",
                "twig/twig": ">=1.8.0,<2.0-dev"
            },
            "suggest": {
                "symfony/browser-kit": ">=2.1,<2.3-dev",
                "symfony/css-selector": ">=2.1,<2.3-dev",
                "symfony/dom-crawler": ">=2.1,<2.3-dev"
            },
            "type": "library",
            "extra": {
                "branch-alias": {
                    "dev-master": "1.0.x-dev"
                }
            },
            "autoload": {
                "psr-0": {
                    "Silex": "src/"
                }
            },
            "notification-url": "http://packagist.org/downloads/",
            "license": [
                "MIT"
            ],
            "authors": [
                {
                    "name": "Fabien Potencier",
                    "email": "fabien@symfony.com"
                },
                {
                    "name": "Igor Wiedler",
                    "email": "igor@wiedler.ch",
                    "homepage": "http://wiedler.ch/igor/"
                }
            ],
            "description": "The PHP micro-framework based on the Symfony2 Components",
            "homepage": "http://silex.sensiolabs.org",
            "keywords": [
                "microframework"
            ],
            "time": "2013-02-26 12:56:45"
        },
        {
            "name": "swiftmailer/swiftmailer",
            "version": "v4.2.2",
            "source": {
                "type": "git",
                "url": "git://github.com/swiftmailer/swiftmailer.git",
                "reference": "v4.2.2"
            },
            "dist": {
                "type": "zip",
                "url": "https://github.com/swiftmailer/swiftmailer/zipball/v4.2.2",
                "reference": "v4.2.2",
                "shasum": ""
            },
            "require": {
                "php": ">=5.2.4"
            },
            "type": "library",
            "extra": {
                "branch-alias": {
                    "dev-master": "4.2-dev"
                }
            },
            "autoload": {
                "files": [
                    "lib/swift_required.php"
                ]
            },
            "notification-url": "https://packagist.org/downloads/",
            "license": [
                "LGPL"
            ],
            "authors": [
                {
                    "name": "Fabien Potencier",
                    "email": "fabien@symfony.com"
                },
                {
                    "name": "Chris Corbyn"
                }
            ],
            "description": "Swiftmailer, free feature-rich PHP mailer",
            "homepage": "http://swiftmailer.org",
            "keywords": [
                "mail",
                "mailer"
            ],
            "time": "2012-10-25 01:30:40"
        },
        {
            "name": "symfony/config",
            "version": "2.1.x-dev",
            "target-dir": "Symfony/Component/Config",
            "source": {
                "type": "git",
                "url": "https://github.com/symfony/Config.git",
                "reference": "v2.1.8"
            },
            "dist": {
                "type": "zip",
                "url": "https://api.github.com/repos/symfony/Config/zipball/v2.1.8",
                "reference": "v2.1.8",
                "shasum": ""
            },
            "require": {
                "php": ">=5.3.3"
            },
            "type": "library",
            "autoload": {
                "psr-0": {
                    "Symfony\\Component\\Config": ""
                }
            },
            "notification-url": "http://packagist.org/downloads/",
            "license": [
                "MIT"
            ],
            "authors": [
                {
                    "name": "Fabien Potencier",
                    "email": "fabien@symfony.com"
                },
                {
                    "name": "Symfony Community",
                    "homepage": "http://symfony.com/contributors"
                }
            ],
            "description": "Symfony Config Component",
            "homepage": "http://symfony.com",
            "time": "2013-01-09 08:51:07"
        },
        {
            "name": "symfony/console",
            "version": "2.1.x-dev",
            "target-dir": "Symfony/Component/Console",
            "source": {
                "type": "git",
                "url": "https://github.com/symfony/Console.git",
                "reference": "v2.1.8"
            },
            "dist": {
                "type": "zip",
                "url": "https://api.github.com/repos/symfony/Console/zipball/v2.1.8",
                "reference": "v2.1.8",
                "shasum": ""
            },
            "require": {
                "php": ">=5.3.3"
            },
            "type": "library",
            "autoload": {
                "psr-0": {
                    "Symfony\\Component\\Console": ""
                }
            },
            "notification-url": "http://packagist.org/downloads/",
            "license": [
                "MIT"
            ],
            "authors": [
                {
                    "name": "Fabien Potencier",
                    "email": "fabien@symfony.com"
                },
                {
                    "name": "Symfony Community",
                    "homepage": "http://symfony.com/contributors"
                }
            ],
            "description": "Symfony Console Component",
            "homepage": "http://symfony.com",
            "time": "2013-01-17 15:20:05"
        },
        {
            "name": "symfony/event-dispatcher",
            "version": "2.1.x-dev",
            "target-dir": "Symfony/Component/EventDispatcher",
            "source": {
                "type": "git",
                "url": "https://github.com/symfony/EventDispatcher.git",
                "reference": "v2.1.8"
            },
            "dist": {
                "type": "zip",
                "url": "https://api.github.com/repos/symfony/EventDispatcher/zipball/v2.1.8",
                "reference": "v2.1.8",
                "shasum": ""
            },
            "require": {
                "php": ">=5.3.3"
            },
            "require-dev": {
                "symfony/dependency-injection": "2.1.*"
            },
            "suggest": {
                "symfony/dependency-injection": "2.1.*",
                "symfony/http-kernel": "2.1.*"
            },
            "type": "library",
            "autoload": {
                "psr-0": {
                    "Symfony\\Component\\EventDispatcher": ""
                }
            },
            "notification-url": "http://packagist.org/downloads/",
            "license": [
                "MIT"
            ],
            "authors": [
                {
                    "name": "Fabien Potencier",
                    "email": "fabien@symfony.com"
                },
                {
                    "name": "Symfony Community",
                    "homepage": "http://symfony.com/contributors"
                }
            ],
            "description": "Symfony EventDispatcher Component",
            "homepage": "http://symfony.com",
            "time": "2013-02-11 11:26:14"
        },
        {
            "name": "symfony/filesystem",
            "version": "2.1.x-dev",
            "target-dir": "Symfony/Component/Filesystem",
            "source": {
                "type": "git",
                "url": "https://github.com/symfony/Filesystem.git",
                "reference": "v2.1.8"
            },
            "dist": {
                "type": "zip",
                "url": "https://api.github.com/repos/symfony/Filesystem/zipball/v2.1.8",
                "reference": "v2.1.8",
                "shasum": ""
            },
            "require": {
                "php": ">=5.3.3"
            },
            "type": "library",
            "autoload": {
                "psr-0": {
                    "Symfony\\Component\\Filesystem": ""
                }
            },
            "notification-url": "http://packagist.org/downloads/",
            "license": [
                "MIT"
            ],
            "authors": [
                {
                    "name": "Fabien Potencier",
                    "email": "fabien@symfony.com"
                },
                {
                    "name": "Symfony Community",
                    "homepage": "http://symfony.com/contributors"
                }
            ],
            "description": "Symfony Filesystem Component",
            "homepage": "http://symfony.com",
            "time": "2013-01-09 08:51:07"
        },
        {
            "name": "symfony/form",
            "version": "2.1.x-dev",
            "target-dir": "Symfony/Component/Form",
            "source": {
                "type": "git",
                "url": "https://github.com/symfony/Form.git",
                "reference": "v2.1.8"
            },
            "dist": {
                "type": "zip",
                "url": "https://api.github.com/repos/symfony/Form/zipball/v2.1.8",
                "reference": "v2.1.8",
                "shasum": ""
            },
            "require": {
                "php": ">=5.3.3",
                "symfony/event-dispatcher": "2.1.*",
                "symfony/locale": "2.1.*",
                "symfony/options-resolver": "2.1.*"
            },
            "require-dev": {
                "symfony/http-foundation": "2.1.*",
                "symfony/validator": "2.1.*"
            },
            "suggest": {
                "symfony/http-foundation": "2.1.*",
                "symfony/validator": "2.1.*"
            },
            "type": "library",
            "autoload": {
                "psr-0": {
                    "Symfony\\Component\\Form": ""
                }
            },
            "notification-url": "http://packagist.org/downloads/",
            "license": [
                "MIT"
            ],
            "authors": [
                {
                    "name": "Fabien Potencier",
                    "email": "fabien@symfony.com"
                },
                {
                    "name": "Symfony Community",
                    "homepage": "http://symfony.com/contributors"
                }
            ],
            "description": "Symfony Form Component",
            "homepage": "http://symfony.com",
            "time": "2013-02-22 17:53:32"
        },
        {
            "name": "symfony/http-foundation",
            "version": "2.2.x-dev",
            "target-dir": "Symfony/Component/HttpFoundation",
            "source": {
                "type": "git",
                "url": "https://github.com/symfony/HttpFoundation.git",
                "reference": "05436cd1d542f21da6ee67857cf88224e5f3acb1"
            },
            "dist": {
                "type": "zip",
                "url": "https://api.github.com/repos/symfony/HttpFoundation/zipball/05436cd1d542f21da6ee67857cf88224e5f3acb1",
                "reference": "05436cd1d542f21da6ee67857cf88224e5f3acb1",
                "shasum": ""
            },
            "require": {
                "php": ">=5.3.3"
            },
            "type": "library",
            "extra": {
                "branch-alias": {
                    "dev-master": "2.2-dev"
                }
            },
            "autoload": {
                "psr-0": {
                    "Symfony\\Component\\HttpFoundation\\": ""
                },
                "classmap": [
                    "Symfony/Component/HttpFoundation/Resources/stubs"
                ]
            },
            "notification-url": "http://packagist.org/downloads/",
            "license": [
                "MIT"
            ],
            "authors": [
                {
                    "name": "Fabien Potencier",
                    "email": "fabien@symfony.com"
                },
                {
                    "name": "Symfony Community",
                    "homepage": "http://symfony.com/contributors"
                }
            ],
            "description": "Symfony HttpFoundation Component",
            "homepage": "http://symfony.com",
            "time": "2013-02-26 09:42:13"
        },
        {
            "name": "symfony/http-kernel",
            "version": "2.2.x-dev",
            "target-dir": "Symfony/Component/HttpKernel",
            "source": {
                "type": "git",
                "url": "https://github.com/symfony/HttpKernel.git",
                "reference": "dbdaeb9c849a5eadc552cb0b8c61cfc72d1d8b4c"
            },
            "dist": {
                "type": "zip",
                "url": "https://api.github.com/repos/symfony/HttpKernel/zipball/dbdaeb9c849a5eadc552cb0b8c61cfc72d1d8b4c",
                "reference": "dbdaeb9c849a5eadc552cb0b8c61cfc72d1d8b4c",
                "shasum": ""
            },
            "require": {
                "php": ">=5.3.3",
                "psr/log": ">=1.0,<2.0",
                "symfony/event-dispatcher": ">=2.1,<3.0",
                "symfony/http-foundation": ">=2.2,<2.3-dev"
            },
            "require-dev": {
                "symfony/browser-kit": "2.2.*",
                "symfony/class-loader": ">=2.1,<3.0",
                "symfony/config": ">=2.0,<3.0",
                "symfony/console": "2.2.*",
                "symfony/dependency-injection": ">=2.0,<3.0",
                "symfony/finder": ">=2.0,<3.0",
                "symfony/process": ">=2.0,<3.0",
                "symfony/routing": ">=2.2,<2.3-dev",
                "symfony/stopwatch": ">=2.2,<2.3-dev"
            },
            "suggest": {
                "symfony/browser-kit": "2.2.*",
                "symfony/class-loader": "2.2.*",
                "symfony/config": "2.2.*",
                "symfony/console": "2.2.*",
                "symfony/dependency-injection": "2.2.*",
                "symfony/finder": "2.2.*"
            },
            "type": "library",
            "extra": {
                "branch-alias": {
                    "dev-master": "2.2-dev"
                }
            },
            "autoload": {
                "psr-0": {
                    "Symfony\\Component\\HttpKernel\\": ""
                }
            },
            "notification-url": "http://packagist.org/downloads/",
            "license": [
                "MIT"
            ],
            "authors": [
                {
                    "name": "Fabien Potencier",
                    "email": "fabien@symfony.com"
                },
                {
                    "name": "Symfony Community",
                    "homepage": "http://symfony.com/contributors"
                }
            ],
            "description": "Symfony HttpKernel Component",
            "homepage": "http://symfony.com",
            "time": "2013-02-25 17:19:31"
        },
        {
            "name": "symfony/locale",
            "version": "2.1.x-dev",
            "target-dir": "Symfony/Component/Locale",
            "source": {
                "type": "git",
                "url": "https://github.com/symfony/Locale.git",
                "reference": "v2.1.8"
            },
            "dist": {
                "type": "zip",
                "url": "https://api.github.com/repos/symfony/Locale/zipball/v2.1.8",
                "reference": "v2.1.8",
                "shasum": ""
            },
            "require": {
                "php": ">=5.3.3"
            },
            "suggest": {
                "ext-intl": ">=5.3.3"
            },
            "type": "library",
            "autoload": {
                "psr-0": {
                    "Symfony\\Component\\Locale": ""
                }
            },
            "notification-url": "http://packagist.org/downloads/",
            "license": [
                "MIT"
            ],
            "authors": [
                {
                    "name": "Fabien Potencier",
                    "email": "fabien@symfony.com"
                },
                {
                    "name": "Symfony Community",
                    "homepage": "http://symfony.com/contributors"
                }
            ],
            "description": "Symfony Locale Component",
            "homepage": "http://symfony.com",
            "time": "2013-01-10 04:41:59"
        },
        {
            "name": "symfony/options-resolver",
            "version": "2.1.x-dev",
            "target-dir": "Symfony/Component/OptionsResolver",
            "source": {
                "type": "git",
                "url": "https://github.com/symfony/OptionsResolver.git",
                "reference": "v2.1.8"
            },
            "dist": {
                "type": "zip",
                "url": "https://api.github.com/repos/symfony/OptionsResolver/zipball/v2.1.8",
                "reference": "v2.1.8",
                "shasum": ""
            },
            "require": {
                "php": ">=5.3.3"
            },
            "type": "library",
            "autoload": {
                "psr-0": {
                    "Symfony\\Component\\OptionsResolver": ""
                }
            },
            "notification-url": "http://packagist.org/downloads/",
            "license": [
                "MIT"
            ],
            "authors": [
                {
                    "name": "Fabien Potencier",
                    "email": "fabien@symfony.com"
                },
                {
                    "name": "Symfony Community",
                    "homepage": "http://symfony.com/contributors"
                }
            ],
            "description": "Symfony OptionsResolver Component",
            "homepage": "http://symfony.com",
            "keywords": [
                "config",
                "configuration",
                "options"
            ],
            "time": "2013-01-09 08:51:07"
        },
        {
            "name": "symfony/routing",
            "version": "2.2.x-dev",
            "target-dir": "Symfony/Component/Routing",
            "source": {
                "type": "git",
                "url": "https://github.com/symfony/Routing.git",
                "reference": "v2.2.0-RC3"
            },
            "dist": {
                "type": "zip",
                "url": "https://api.github.com/repos/symfony/Routing/zipball/v2.2.0-RC3",
                "reference": "v2.2.0-RC3",
                "shasum": ""
            },
            "require": {
                "php": ">=5.3.3"
            },
            "require-dev": {
                "doctrine/common": ">=2.2,<3.0",
                "psr/log": ">=1.0,<2.0",
                "symfony/config": ">=2.2,<2.3-dev",
                "symfony/yaml": ">=2.0,<3.0"
            },
            "suggest": {
                "doctrine/common": "~2.2",
                "symfony/config": "2.2.*",
                "symfony/yaml": "2.2.*"
            },
            "type": "library",
            "extra": {
                "branch-alias": {
                    "dev-master": "2.2-dev"
                }
            },
            "autoload": {
                "psr-0": {
                    "Symfony\\Component\\Routing\\": ""
                }
            },
            "notification-url": "http://packagist.org/downloads/",
            "license": [
                "MIT"
            ],
            "authors": [
                {
                    "name": "Fabien Potencier",
                    "email": "fabien@symfony.com"
                },
                {
                    "name": "Symfony Community",
                    "homepage": "http://symfony.com/contributors"
                }
            ],
            "description": "Symfony Routing Component",
            "homepage": "http://symfony.com",
            "time": "2013-02-11 11:24:47"
        },
        {
            "name": "symfony/translation",
            "version": "2.1.x-dev",
            "target-dir": "Symfony/Component/Translation",
            "source": {
                "type": "git",
                "url": "https://github.com/symfony/Translation.git",
                "reference": "v2.1.8"
            },
            "dist": {
                "type": "zip",
                "url": "https://api.github.com/repos/symfony/Translation/zipball/v2.1.8",
                "reference": "v2.1.8",
                "shasum": ""
            },
            "require": {
                "php": ">=5.3.3"
            },
            "require-dev": {
                "symfony/config": "2.1.*",
                "symfony/yaml": "2.1.*"
            },
            "suggest": {
                "symfony/config": "2.1.*",
                "symfony/yaml": "2.1.*"
            },
            "type": "library",
            "autoload": {
                "psr-0": {
                    "Symfony\\Component\\Translation": ""
                }
            },
            "notification-url": "http://packagist.org/downloads/",
            "license": [
                "MIT"
            ],
            "authors": [
                {
                    "name": "Fabien Potencier",
                    "email": "fabien@symfony.com"
                },
                {
                    "name": "Symfony Community",
                    "homepage": "http://symfony.com/contributors"
                }
            ],
            "description": "Symfony Translation Component",
            "homepage": "http://symfony.com",
            "time": "2013-01-09 08:51:07"
        },
        {
            "name": "symfony/twig-bridge",
            "version": "2.1.x-dev",
            "target-dir": "Symfony/Bridge/Twig",
            "source": {
                "type": "git",
                "url": "https://github.com/symfony/TwigBridge.git",
                "reference": "bdf82aaf57dd6b8643fea84caa0902378cd57d48"
            },
            "dist": {
                "type": "zip",
                "url": "https://api.github.com/repos/symfony/TwigBridge/zipball/bdf82aaf57dd6b8643fea84caa0902378cd57d48",
                "reference": "bdf82aaf57dd6b8643fea84caa0902378cd57d48",
                "shasum": ""
            },
            "require": {
                "php": ">=5.3.3",
                "twig/twig": ">=1.9.1,<2.0-dev"
            },
            "require-dev": {
                "symfony/form": "2.1.*",
                "symfony/routing": "2.1.*",
                "symfony/security": "2.1.*",
                "symfony/templating": "2.1.*",
                "symfony/translation": "2.1.*",
                "symfony/yaml": "2.1.*"
            },
            "suggest": {
                "symfony/form": "2.1.*",
                "symfony/routing": "2.1.*",
                "symfony/security": "2.1.*",
                "symfony/templating": "2.1.*",
                "symfony/translation": "2.1.*",
                "symfony/yaml": "2.1.*"
            },
            "type": "symfony-bridge",
            "autoload": {
                "psr-0": {
                    "Symfony\\Bridge\\Twig": ""
                }
            },
            "notification-url": "http://packagist.org/downloads/",
            "license": [
                "MIT"
            ],
            "authors": [
                {
                    "name": "Fabien Potencier",
                    "email": "fabien@symfony.com"
                },
                {
                    "name": "Symfony Community",
                    "homepage": "http://symfony.com/contributors"
                }
            ],
            "description": "Symfony Twig Bridge",
            "homepage": "http://symfony.com",
            "time": "2013-02-27 07:36:53"
        },
        {
            "name": "symfony/validator",
            "version": "2.1.x-dev",
            "target-dir": "Symfony/Component/Validator",
            "source": {
                "type": "git",
                "url": "https://github.com/symfony/Validator.git",
                "reference": "v2.1.8"
            },
            "dist": {
                "type": "zip",
                "url": "https://api.github.com/repos/symfony/Validator/zipball/v2.1.8",
                "reference": "v2.1.8",
                "shasum": ""
            },
            "require": {
                "php": ">=5.3.3"
            },
            "require-dev": {
                "symfony/http-foundation": "2.1.*",
                "symfony/locale": "2.1.*",
                "symfony/yaml": "2.1.*"
            },
            "suggest": {
                "doctrine/common": "~2.1",
                "symfony/http-foundation": "2.1.*",
                "symfony/yaml": "2.1.*"
            },
            "type": "library",
            "autoload": {
                "psr-0": {
                    "Symfony\\Component\\Validator": ""
                }
            },
            "notification-url": "http://packagist.org/downloads/",
            "license": [
                "MIT"
            ],
            "authors": [
                {
                    "name": "Fabien Potencier",
                    "email": "fabien@symfony.com"
                },
                {
                    "name": "Symfony Community",
                    "homepage": "http://symfony.com/contributors"
                }
            ],
            "description": "Symfony Validator Component",
            "homepage": "http://symfony.com",
            "time": "2013-02-22 18:53:49"
        },
        {
            "name": "symfony/yaml",
            "version": "2.1.x-dev",
            "target-dir": "Symfony/Component/Yaml",
            "source": {
                "type": "git",
                "url": "https://github.com/symfony/Yaml.git",
                "reference": "v2.1.8"
            },
            "dist": {
                "type": "zip",
                "url": "https://api.github.com/repos/symfony/Yaml/zipball/v2.1.8",
                "reference": "v2.1.8",
                "shasum": ""
            },
            "require": {
                "php": ">=5.3.3"
            },
            "type": "library",
            "autoload": {
                "psr-0": {
                    "Symfony\\Component\\Yaml": ""
                }
            },
            "notification-url": "http://packagist.org/downloads/",
            "license": [
                "MIT"
            ],
            "authors": [
                {
                    "name": "Fabien Potencier",
                    "email": "fabien@symfony.com"
                },
                {
                    "name": "Symfony Community",
                    "homepage": "http://symfony.com/contributors"
                }
            ],
            "description": "Symfony Yaml Component",
            "homepage": "http://symfony.com",
            "time": "2013-01-27 16:12:43"
        },
        {
            "name": "taha/timthumb",
            "version": "dev-master",
            "source": {
                "type": "git",
                "url": "https://github.com/taha/TimThumb.git",
                "reference": "75c8972a517e89aac0a893d57c8d443998779640"
            },
            "dist": {
                "type": "zip",
                "url": "https://api.github.com/repos/taha/TimThumb/zipball/75c8972a517e89aac0a893d57c8d443998779640",
                "reference": "75c8972a517e89aac0a893d57c8d443998779640",
                "shasum": ""
            },
            "type": "library",
            "autoload": {
                "classmap": [
                    "./"
                ]
            },
            "notification-url": "http://packagist.org/downloads/",
            "authors": [
                {
                    "name": "Taha Hesham",
                    "email": "taha@wizylabs.com"
                }
            ],
            "description": "TimThumb – PHP Image Resizer",
            "time": "2013-02-16 00:25:19"
        },
        {
            "name": "twig/twig",
            "version": "dev-master",
            "source": {
                "type": "git",
                "url": "https://github.com/fabpot/Twig.git",
                "reference": "bc30d9b7e24b0cd2f02078064b2d9fe1c20aa1aa"
            },
            "dist": {
                "type": "zip",
                "url": "https://api.github.com/repos/fabpot/Twig/zipball/bc30d9b7e24b0cd2f02078064b2d9fe1c20aa1aa",
                "reference": "bc30d9b7e24b0cd2f02078064b2d9fe1c20aa1aa",
                "shasum": ""
            },
            "require": {
                "php": ">=5.2.4"
            },
            "type": "library",
            "extra": {
                "branch-alias": {
                    "dev-master": "1.12-dev"
                }
            },
            "autoload": {
                "psr-0": {
                    "Twig_": "lib/"
                }
            },
            "notification-url": "http://packagist.org/downloads/",
            "license": [
                "BSD-3"
            ],
            "authors": [
                {
                    "name": "Fabien Potencier",
                    "email": "fabien@symfony.com"
                },
                {
                    "name": "Armin Ronacher",
                    "email": "armin.ronacher@active-4.com"
                }
            ],
            "description": "Twig, the flexible, fast, and secure template language for PHP",
            "homepage": "http://twig.sensiolabs.org",
            "keywords": [
                "templating"
            ],
            "time": "2013-02-26 13:03:39"
        }
    ],
    "packages-dev": null,
    "aliases": [

    ],
    "minimum-stability": "dev",
    "stability-flags": {
        "silex/silex": 20,
        "htmlawed/htmlawed": 20,
        "hautelook/phpass": 20,
        "dflydev/markdown": 20,
        "taha/timthumb": 20,
        "phpunit/php-code-coverage": 20
    }
}
